
Microsoft Visual Studio Solution File, Format Version 12.00
# Visual Studio Version 17
VisualStudioVersion = 17.14.37516.0 d17.14
MinimumVisualStudioVersion = 10.0.40219.1
Project("{FAE04EC0-301F-11D3-BF4B-00C04F79EFBC}") = "Tutorial_2_2", "Tutorial_2_2\Tutorial_2_2.csproj", "{ECACEE4B-0618-4A93-BFA2-9496E428CFAA}"
EndProject
Global
	GlobalSection(SolutionConfigurationPlatforms) = preSolution
		Debug|Any CPU = Debug|Any CPU
		Release|Any CPU = Release|Any CPU
	EndGlobalSection
	GlobalSection(ProjectConfigurationPlatforms) = postSolution
		{ECACEE4B-0618-4A93-BFA2-9496E428CFAA}.Debug|Any CPU.ActiveCfg = Debug|Any CPU
		{ECACEE4B-0618-4A93-BFA2-9496E428CFAA}.Debug|Any CPU.Build.0 = Debug|Any CPU
		{ECACEE4B-0618-4A93-BFA2-9496E428CFAA}.Release|Any CPU.ActiveCfg = Release|Any CPU
		{ECACEE4B-0618-4A93-BFA2-9496E428CFAA}.Release|Any CPU.Build.0 = Release|Any CPU
	EndGlobalSection
	GlobalSection(SolutionProperties) = preSolution
		HideSolutionNode = FALSE
	EndGlobalSection
	GlobalSection(ExtensibilityGlobals) = postSolution
		SolutionGuid = {6392A169-C00A-40D9-B4CF-D958F5C76FFC}
	EndGlobalSection
EndGlobal
